
Microsoft Visual Studio Solution File, Format Version 12.00
# Visual Studio Version 16
VisualStudioVersion = 16.0.31624.102
MinimumVisualStudioVersion = 10.0.40219.1
Project("{FAE04EC0-301F-11D3-BF4B-00C04F79EFBC}") = "МодульУІТП", "МодульУІТП\МодульУІТП.csproj", "{F1AE81DF-A4BF-4613-8CF7-6D27C7158A09}"
EndProject
Global
	GlobalSection(SolutionConfigurationPlatforms) = preSolution
		Debug|Any CPU = Debug|Any CPU
		Release|Any CPU = Release|Any CPU
	EndGlobalSection
	GlobalSection(ProjectConfigurationPlatforms) = postSolution
		{F1AE81DF-A4BF-4613-8CF7-6D27C7158A09}.Debug|Any CPU.ActiveCfg = Debug|Any CPU
		{F1AE81DF-A4BF-4613-8CF7-6D27C7158A09}.Debug|Any CPU.Build.0 = Debug|Any CPU
		{F1AE81DF-A4BF-4613-8CF7-6D27C7158A09}.Release|Any CPU.ActiveCfg = Release|Any CPU
		{F1AE81DF-A4BF-4613-8CF7-6D27C7158A09}.Release|Any CPU.Build.0 = Release|Any CPU
	EndGlobalSection
	GlobalSection(SolutionProperties) = preSolution
		HideSolutionNode = FALSE
	EndGlobalSection
	GlobalSection(ExtensibilityGlobals) = postSolution
		SolutionGuid = {32D80CB9-9F74-4C2F-9E25-B007BD8B8F04}
	EndGlobalSection
EndGlobal
